
Microsoft Visual Studio Solution File, Format Version 11.00
# Visual Studio 2010
Project("{FAE04EC0-301F-11D3-BF4B-00C04F79EFBC}") = "stu-oauth-csharp-app-demo", "stu-oauth-csharp-app-demo\stu-oauth-csharp-app-demo.csproj", "{E7A06502-1764-4192-A788-0780FEF2D551}"
EndProject
Global
	GlobalSection(SolutionConfigurationPlatforms) = preSolution
		Debug|Any CPU = Debug|Any CPU
		Release|Any CPU = Release|Any CPU
	EndGlobalSection
	GlobalSection(ProjectConfigurationPlatforms) = postSolution
		{E7A06502-1764-4192-A788-0780FEF2D551}.Debug|Any CPU.ActiveCfg = Debug|Any CPU
		{E7A06502-1764-4192-A788-0780FEF2D551}.Debug|Any CPU.Build.0 = Debug|Any CPU
		{E7A06502-1764-4192-A788-0780FEF2D551}.Release|Any CPU.ActiveCfg = Release|Any CPU
		{E7A06502-1764-4192-A788-0780FEF2D551}.Release|Any CPU.Build.0 = Release|Any CPU
	EndGlobalSection
	GlobalSection(SolutionProperties) = preSolution
		HideSolutionNode = FALSE
	EndGlobalSection
EndGlobal
